
Microsoft Visual Studio Solution File, Format Version 12.00
# Visual Studio 15
VisualStudioVersion = 15.0.28307.1585
MinimumVisualStudioVersion = 10.0.40219.1
Project("{FAE04EC0-301F-11D3-BF4B-00C04F79EFBC}") = "Lessons", "Lessons\Lessons.csproj", "{0093EB6A-E458-4B7C-ADF3-06B0021FA032}"
EndProject
Global
	GlobalSection(SolutionConfigurationPlatforms) = preSolution
		Debug|Any CPU = Debug|Any CPU
		Release|Any CPU = Release|Any CPU
	EndGlobalSection
	GlobalSection(ProjectConfigurationPlatforms) = postSolution
		{0093EB6A-E458-4B7C-ADF3-06B0021FA032}.Debug|Any CPU.ActiveCfg = Debug|Any CPU
		{0093EB6A-E458-4B7C-ADF3-06B0021FA032}.Debug|Any CPU.Build.0 = Debug|Any CPU
		{0093EB6A-E458-4B7C-ADF3-06B0021FA032}.Release|Any CPU.ActiveCfg = Release|Any CPU
		{0093EB6A-E458-4B7C-ADF3-06B0021FA032}.Release|Any CPU.Build.0 = Release|Any CPU
	EndGlobalSection
	GlobalSection(SolutionProperties) = preSolution
		HideSolutionNode = FALSE
	EndGlobalSection
	GlobalSection(ExtensibilityGlobals) = postSolution
		SolutionGuid = {93D41088-15A8-40C8-965D-98E596A29AB3}
	EndGlobalSection
EndGlobal
